
Microsoft Visual Studio Solution File, Format Version 12.00
# Visual Studio Version 17
VisualStudioVersion = 17.0.32014.148
MinimumVisualStudioVersion = 10.0.40219.1
Project("{FAE04EC0-301F-11D3-BF4B-00C04F79EFBC}") = "Tehtävä - Yhteen- vai vähennyslasku", "Tehtävä - Yhteen- vai vähennyslasku\Tehtävä - Yhteen- vai vähennyslasku.csproj", "{1B6BF007-312D-4AD4-95FC-17D2EB106161}"
EndProject
Global
	GlobalSection(SolutionConfigurationPlatforms) = preSolution
		Debug|Any CPU = Debug|Any CPU
		Release|Any CPU = Release|Any CPU
	EndGlobalSection
	GlobalSection(ProjectConfigurationPlatforms) = postSolution
		{1B6BF007-312D-4AD4-95FC-17D2EB106161}.Debug|Any CPU.ActiveCfg = Debug|Any CPU
		{1B6BF007-312D-4AD4-95FC-17D2EB106161}.Debug|Any CPU.Build.0 = Debug|Any CPU
		{1B6BF007-312D-4AD4-95FC-17D2EB106161}.Release|Any CPU.ActiveCfg = Release|Any CPU
		{1B6BF007-312D-4AD4-95FC-17D2EB106161}.Release|Any CPU.Build.0 = Release|Any CPU
	EndGlobalSection
	GlobalSection(SolutionProperties) = preSolution
		HideSolutionNode = FALSE
	EndGlobalSection
	GlobalSection(ExtensibilityGlobals) = postSolution
		SolutionGuid = {B3F391FA-3563-464E-B2F6-034EAD6F3F79}
	EndGlobalSection
EndGlobal
