
Microsoft Visual Studio Solution File, Format Version 12.00
# Visual Studio Version 17
VisualStudioVersion = 17.0.32014.148
MinimumVisualStudioVersion = 10.0.40219.1
Project("{FAE04EC0-301F-11D3-BF4B-00C04F79EFBC}") = "Tehtävä - kysyy luvut ja laskee KA", "Tehtävä - kysyy luvut ja laskee KA\Tehtävä - kysyy luvut ja laskee KA.csproj", "{05E9DAF3-D345-474E-995A-9F6D8AB07A7D}"
EndProject
Global
	GlobalSection(SolutionConfigurationPlatforms) = preSolution
		Debug|Any CPU = Debug|Any CPU
		Release|Any CPU = Release|Any CPU
	EndGlobalSection
	GlobalSection(ProjectConfigurationPlatforms) = postSolution
		{05E9DAF3-D345-474E-995A-9F6D8AB07A7D}.Debug|Any CPU.ActiveCfg = Debug|Any CPU
		{05E9DAF3-D345-474E-995A-9F6D8AB07A7D}.Debug|Any CPU.Build.0 = Debug|Any CPU
		{05E9DAF3-D345-474E-995A-9F6D8AB07A7D}.Release|Any CPU.ActiveCfg = Release|Any CPU
		{05E9DAF3-D345-474E-995A-9F6D8AB07A7D}.Release|Any CPU.Build.0 = Release|Any CPU
	EndGlobalSection
	GlobalSection(SolutionProperties) = preSolution
		HideSolutionNode = FALSE
	EndGlobalSection
	GlobalSection(ExtensibilityGlobals) = postSolution
		SolutionGuid = {909A66CA-35DA-4ACF-BCC4-B7F75C211AAB}
	EndGlobalSection
EndGlobal
